// !$*UTF8*$!
{
	archiveVersion = 1;
	classes = {
	};
	objectVersion = 48;
	objects = {

/* Begin PBXBuildFile section */
		0635F0A6C003D38AF03860D8 /* Pods_TresPoint.framework in Frameworks */ = {isa = PBXBuildFile; fileRef = BE2AEC1AFB6449B6EB11E9C1 /* Pods_TresPoint.framework */; };
		11030CAA1FCDBE11000DB3A4 /* PViewController.swift in Sources */ = {isa = PBXBuildFile; fileRef = 11030CA91FCDBE11000DB3A4 /* PViewController.swift */; };
		1109584C1FCC69760051A24B /* GlobalUser.swift in Sources */ = {isa = PBXBuildFile; fileRef = 1109584B1FCC69760051A24B /* GlobalUser.swift */; };
		1109584E1FCCC62C0051A24B /* CollectionHeaderView.swift in Sources */ = {isa = PBXBuildFile; fileRef = 1109584D1FCCC62C0051A24B /* CollectionHeaderView.swift */; };
		110D07161FB2664300D846D1 /* UIImageView+Cache.swift in Sources */ = {isa = PBXBuildFile; fileRef = 110D07151FB2664300D846D1 /* UIImageView+Cache.swift */; };
		111D0C951FB4AF3600916F72 /* Messages.swift in Sources */ = {isa = PBXBuildFile; fileRef = 111D0C941FB4AF3600916F72 /* Messages.swift */; };
		111D0C971FB4B7F200916F72 /* UserCell.swift in Sources */ = {isa = PBXBuildFile; fileRef = 111D0C961FB4B7F200916F72 /* UserCell.swift */; };
		112511FD1FBA105D0044AA0F /* RoundTextField.swift in Sources */ = {isa = PBXBuildFile; fileRef = 112511FC1FBA105C0044AA0F /* RoundTextField.swift */; };
		112512001FBA344D0044AA0F /* CalendarCell.swift in Sources */ = {isa = PBXBuildFile; fileRef = 112511FF1FBA344D0044AA0F /* CalendarCell.swift */; };
		1133BC501FD09572003D2472 /* workInfoCell.swift in Sources */ = {isa = PBXBuildFile; fileRef = 1133BC4F1FD09572003D2472 /* workInfoCell.swift */; };
		1133BC521FD0982B003D2472 /* workInfo.swift in Sources */ = {isa = PBXBuildFile; fileRef = 1133BC511FD0982B003D2472 /* workInfo.swift */; };
		114C8FDB1FB53C450011CD65 /* ChatMessageCell.swift in Sources */ = {isa = PBXBuildFile; fileRef = 114C8FDA1FB53C450011CD65 /* ChatMessageCell.swift */; };
		11544B911FB3B3A10082C919 /* ChatLogViewController.swift in Sources */ = {isa = PBXBuildFile; fileRef = 11544B901FB3B3A10082C919 /* ChatLogViewController.swift */; };
		1154ECAF1FE1CCF8004EE2C2 /* UIViewController+Comments.m in Sources */ = {isa = PBXBuildFile; fileRef = 1154ECAE1FE1CCF8004EE2C2 /* UIViewController+Comments.m */; };
		116369F51FBB441B004DE2AF /* BlogCell.swift in Sources */ = {isa = PBXBuildFile; fileRef = 116369F41FBB441B004DE2AF /* BlogCell.swift */; };
		11920D5D1FC61600002ADF79 /* UIImage+ImageEffects.m in Sources */ = {isa = PBXBuildFile; fileRef = 11920D5C1FC61600002ADF79 /* UIImage+ImageEffects.m */; };
		11C882EA1FBB80FC0076A405 /* Post.swift in Sources */ = {isa = PBXBuildFile; fileRef = 11C882E91FBB80FC0076A405 /* Post.swift */; };
		11DA147B1FBCB4C800261D35 /* PostViewController.swift in Sources */ = {isa = PBXBuildFile; fileRef = 11DA147A1FBCB4C800261D35 /* PostViewController.swift */; };
		11EA81BB1FAFC6BA008D67A7 /* NewMessageViewController.swift in Sources */ = {isa = PBXBuildFile; fileRef = 11EA81BA1FAFC6BA008D67A7 /* NewMessageViewController.swift */; };
		11EA81BD1FB00B7C008D67A7 /* User.swift in Sources */ = {isa = PBXBuildFile; fileRef = 11EA81BC1FB00B7C008D67A7 /* User.swift */; };
		11EA81BF1FB01EAC008D67A7 /* TabBarViewController.swift in Sources */ = {isa = PBXBuildFile; fileRef = 11EA81BE1FB01EAC008D67A7 /* TabBarViewController.swift */; };
		11EA81C11FB01FA1008D67A7 /* CustomTabBar.swift in Sources */ = {isa = PBXBuildFile; fileRef = 11EA81C01FB01FA1008D67A7 /* CustomTabBar.swift */; };
		11EA81C31FB01FB8008D67A7 /* CustomTabBarItem.swift in Sources */ = {isa = PBXBuildFile; fileRef = 11EA81C21FB01FB8008D67A7 /* CustomTabBarItem.swift */; };
		11EA81C51FB01FDC008D67A7 /* CustomTabAnimatedTransitioning.swift in Sources */ = {isa = PBXBuildFile; fileRef = 11EA81C41FB01FDC008D67A7 /* CustomTabAnimatedTransitioning.swift */; };
		11EA81C71FB026BD008D67A7 /* BlogPostViewController.swift in Sources */ = {isa = PBXBuildFile; fileRef = 11EA81C61FB026BD008D67A7 /* BlogPostViewController.swift */; };
		11EA81C91FB026EB008D67A7 /* CalendarViewController.swift in Sources */ = {isa = PBXBuildFile; fileRef = 11EA81C81FB026EB008D67A7 /* CalendarViewController.swift */; };
		11EA81CB1FB02BA6008D67A7 /* ProfileViewController.swift in Sources */ = {isa = PBXBuildFile; fileRef = 11EA81CA1FB02BA6008D67A7 /* ProfileViewController.swift */; };
		11EA9C4C1FAE4D2F006B6B53 /* UIColor+staicColor.swift in Sources */ = {isa = PBXBuildFile; fileRef = 11EA9C4B1FAE4D2F006B6B53 /* UIColor+staicColor.swift */; };
		11EA9C4E1FAE60AF006B6B53 /* GoogleService-Info.plist in Resources */ = {isa = PBXBuildFile; fileRef = 11EA9C4D1FAE60AF006B6B53 /* GoogleService-Info.plist */; };
		11EBE6BA1FACD7CD00171DC8 /* AppDelegate.swift in Sources */ = {isa = PBXBuildFile; fileRef = 11EBE6B91FACD7CD00171DC8 /* AppDelegate.swift */; };
		11EBE6BC1FACD7CD00171DC8 /* HomeViewController.swift in Sources */ = {isa = PBXBuildFile; fileRef = 11EBE6BB1FACD7CD00171DC8 /* HomeViewController.swift */; };
		11EBE6C21FACD7CD00171DC8 /* TresPoint.xcdatamodeld in Sources */ = {isa = PBXBuildFile; fileRef = 11EBE6C01FACD7CD00171DC8 /* TresPoint.xcdatamodeld */; };
		11EBE6C41FACD7CD00171DC8 /* Assets.xcassets in Resources */ = {isa = PBXBuildFile; fileRef = 11EBE6C31FACD7CD00171DC8 /* Assets.xcassets */; };
		11EBE6C71FACD7CD00171DC8 /* LaunchScreen.storyboard in Resources */ = {isa = PBXBuildFile; fileRef = 11EBE6C51FACD7CD00171DC8 /* LaunchScreen.storyboard */; };
		11EBE6D21FACD7CD00171DC8 /* TresPointTests.swift in Sources */ = {isa = PBXBuildFile; fileRef = 11EBE6D11FACD7CD00171DC8 /* TresPointTests.swift */; };
		11EBE6DD1FACD7CD00171DC8 /* TresPointUITests.swift in Sources */ = {isa = PBXBuildFile; fileRef = 11EBE6DC1FACD7CD00171DC8 /* TresPointUITests.swift */; };
		11EBE6EE1FACDEE000171DC8 /* UIColor+RGB.swift in Sources */ = {isa = PBXBuildFile; fileRef = 11EBE6ED1FACDEE000171DC8 /* UIColor+RGB.swift */; };
		11EBE6F01FACE81000171DC8 /* LoginViewController.swift in Sources */ = {isa = PBXBuildFile; fileRef = 11EBE6EF1FACE81000171DC8 /* LoginViewController.swift */; };
		11EBE6F21FAD0B4000171DC8 /* RegisterViewController.swift in Sources */ = {isa = PBXBuildFile; fileRef = 11EBE6F11FAD0B4000171DC8 /* RegisterViewController.swift */; };
		11EBE6F41FAD114500171DC8 /* RemoteStore.swift in Sources */ = {isa = PBXBuildFile; fileRef = 11EBE6F31FAD114500171DC8 /* RemoteStore.swift */; };
		11EBE6F61FAD126600171DC8 /* FirebaseStore.swift in Sources */ = {isa = PBXBuildFile; fileRef = 11EBE6F51FAD126600171DC8 /* FirebaseStore.swift */; };
		11EBE6F81FAD131D00171DC8 /* FirebaseModel.swift in Sources */ = {isa = PBXBuildFile; fileRef = 11EBE6F71FAD131D00171DC8 /* FirebaseModel.swift */; };
		3F62C0BB4AD455B3619765AB /* Pods_TresPointTests.framework in Frameworks */ = {isa = PBXBuildFile; fileRef = 5B8894FA0F153AD5BA31D265 /* Pods_TresPointTests.framework */; };
		67314521E114364E305C2FB7 /* Pods_TresPointUITests.framework in Frameworks */ = {isa = PBXBuildFile; fileRef = C6B6809FF7519420BE8B8D7A /* Pods_TresPointUITests.framework */; };
/* End PBXBuildFile section */

/* Begin PBXContainerItemProxy section */
		11EBE6CE1FACD7CD00171DC8 /* PBXContainerItemProxy */ = {
			isa = PBXContainerItemProxy;
			containerPortal = 11EBE6AE1FACD7CD00171DC8 /* Project object */;
			proxyType = 1;
			remoteGlobalIDString = 11EBE6B51FACD7CD00171DC8;
			remoteInfo = TresPoint;
		};
		11EBE6D91FACD7CD00171DC8 /* PBXContainerItemProxy */ = {
			isa = PBXContainerItemProxy;
			containerPortal = 11EBE6AE1FACD7CD00171DC8 /* Project object */;
			proxyType = 1;
			remoteGlobalIDString = 11EBE6B51FACD7CD00171DC8;
			remoteInfo = TresPoint;
		};
/* End PBXContainerItemProxy section */

/* Begin PBXFileReference section */
		03E022AF7B984869C86D387A /* Pods-TresPointTests.release.xcconfig */ = {isa = PBXFileReference; includeInIndex = 1; lastKnownFileType = text.xcconfig; name = "Pods-TresPointTests.release.xcconfig"; path = "Pods/Target Support Files/Pods-TresPointTests/Pods-TresPointTests.release.xcconfig"; sourceTree = "<group>"; };
		11030CA91FCDBE11000DB3A4 /* PViewController.swift */ = {isa = PBXFileReference; lastKnownFileType = sourcecode.swift; path = PViewController.swift; sourceTree = "<group>"; };
		1109584B1FCC69760051A24B /* GlobalUser.swift */ = {isa = PBXFileReference; lastKnownFileType = sourcecode.swift; path = GlobalUser.swift; sourceTree = "<group>"; };
		1109584D1FCCC62C0051A24B /* CollectionHeaderView.swift */ = {isa = PBXFileReference; lastKnownFileType = sourcecode.swift; path = CollectionHeaderView.swift; sourceTree = "<group>"; };
		110D07151FB2664300D846D1 /* UIImageView+Cache.swift */ = {isa = PBXFileReference; lastKnownFileType = sourcecode.swift; path = "UIImageView+Cache.swift"; sourceTree = "<group>"; };
		111D0C941FB4AF3600916F72 /* Messages.swift */ = {isa = PBXFileReference; lastKnownFileType = sourcecode.swift; path = Messages.swift; sourceTree = "<group>"; };
		111D0C961FB4B7F200916F72 /* UserCell.swift */ = {isa = PBXFileReference; lastKnownFileType = sourcecode.swift; path = UserCell.swift; sourceTree = "<group>"; };
		112511FC1FBA105C0044AA0F /* RoundTextField.swift */ = {isa = PBXFileReference; lastKnownFileType = sourcecode.swift; path = RoundTextField.swift; sourceTree = "<group>"; };
		112511FF1FBA344D0044AA0F /* CalendarCell.swift */ = {isa = PBXFileReference; lastKnownFileType = sourcecode.swift; path = CalendarCell.swift; sourceTree = "<group>"; };
		1133BC4F1FD09572003D2472 /* workInfoCell.swift */ = {isa = PBXFileReference; lastKnownFileType = sourcecode.swift; path = workInfoCell.swift; sourceTree = "<group>"; };
		1133BC511FD0982B003D2472 /* workInfo.swift */ = {isa = PBXFileReference; lastKnownFileType = sourcecode.swift; path = workInfo.swift; sourceTree = "<group>"; };
		114C8FDA1FB53C450011CD65 /* ChatMessageCell.swift */ = {isa = PBXFileReference; lastKnownFileType = sourcecode.swift; path = ChatMessageCell.swift; sourceTree = "<group>"; };
		11544B901FB3B3A10082C919 /* ChatLogViewController.swift */ = {isa = PBXFileReference; lastKnownFileType = sourcecode.swift; path = ChatLogViewController.swift; sourceTree = "<group>"; };
		1154ECAD1FE1CCF8004EE2C2 /* UIViewController+Comments.h */ = {isa = PBXFileReference; lastKnownFileType = sourcecode.c.h; path = "UIViewController+Comments.h"; sourceTree = "<group>"; };
		1154ECAE1FE1CCF8004EE2C2 /* UIViewController+Comments.m */ = {isa = PBXFileReference; lastKnownFileType = sourcecode.c.objc; path = "UIViewController+Comments.m"; sourceTree = "<group>"; };
		116369F41FBB441B004DE2AF /* BlogCell.swift */ = {isa = PBXFileReference; lastKnownFileType = sourcecode.swift; path = BlogCell.swift; sourceTree = "<group>"; };
		11920D5A1FC615FF002ADF79 /* TresPoint-Bridging-Header.h */ = {isa = PBXFileReference; lastKnownFileType = sourcecode.c.h; path = "TresPoint-Bridging-Header.h"; sourceTree = "<group>"; };
		11920D5B1FC61600002ADF79 /* UIImage+ImageEffects.h */ = {isa = PBXFileReference; fileEncoding = 4; lastKnownFileType = sourcecode.c.h; path = "UIImage+ImageEffects.h"; sourceTree = "<group>"; };
		11920D5C1FC61600002ADF79 /* UIImage+ImageEffects.m */ = {isa = PBXFileReference; fileEncoding = 4; lastKnownFileType = sourcecode.c.objc; path = "UIImage+ImageEffects.m"; sourceTree = "<group>"; };
		11C882E91FBB80FC0076A405 /* Post.swift */ = {isa = PBXFileReference; lastKnownFileType = sourcecode.swift; path = Post.swift; sourceTree = "<group>"; };
		11DA147A1FBCB4C800261D35 /* PostViewController.swift */ = {isa = PBXFileReference; lastKnownFileType = sourcecode.swift; path = PostViewController.swift; sourceTree = "<group>"; };
		11DDF19C1FD1BD500012614B /* TresPoint.entitlements */ = {isa = PBXFileReference; lastKnownFileType = text.plist.entitlements; path = TresPoint.entitlements; sourceTree = "<group>"; };
		11EA81BA1FAFC6BA008D67A7 /* NewMessageViewController.swift */ = {isa = PBXFileReference; lastKnownFileType = sourcecode.swift; path = NewMessageViewController.swift; sourceTree = "<group>"; };
		11EA81BC1FB00B7C008D67A7 /* User.swift */ = {isa = PBXFileReference; lastKnownFileType = sourcecode.swift; path = User.swift; sourceTree = "<group>"; };
		11EA81BE1FB01EAC008D67A7 /* TabBarViewController.swift */ = {isa = PBXFileReference; lastKnownFileType = sourcecode.swift; path = TabBarViewController.swift; sourceTree = "<group>"; };
		11EA81C01FB01FA1008D67A7 /* CustomTabBar.swift */ = {isa = PBXFileReference; lastKnownFileType = sourcecode.swift; path = CustomTabBar.swift; sourceTree = "<group>"; };
		11EA81C21FB01FB8008D67A7 /* CustomTabBarItem.swift */ = {isa = PBXFileReference; lastKnownFileType = sourcecode.swift; path = CustomTabBarItem.swift; sourceTree = "<group>"; };
		11EA81C41FB01FDC008D67A7 /* CustomTabAnimatedTransitioning.swift */ = {isa = PBXFileReference; lastKnownFileType = sourcecode.swift; path = CustomTabAnimatedTransitioning.swift; sourceTree = "<group>"; };
		11EA81C61FB026BD008D67A7 /* BlogPostViewController.swift */ = {isa = PBXFileReference; lastKnownFileType = sourcecode.swift; path = BlogPostViewController.swift; sourceTree = "<group>"; };
		11EA81C81FB026EB008D67A7 /* CalendarViewController.swift */ = {isa = PBXFileReference; lastKnownFileType = sourcecode.swift; path = CalendarViewController.swift; sourceTree = "<group>"; };
		11EA81CA1FB02BA6008D67A7 /* ProfileViewController.swift */ = {isa = PBXFileReference; lastKnownFileType = sourcecode.swift; path = ProfileViewController.swift; sourceTree = "<group>"; };
		11EA9C4B1FAE4D2F006B6B53 /* UIColor+staicColor.swift */ = {isa = PBXFileReference; lastKnownFileType = sourcecode.swift; path = "UIColor+staicColor.swift"; sourceTree = "<group>"; };
		11EA9C4D1FAE60AF006B6B53 /* GoogleService-Info.plist */ = {isa = PBXFileReference; fileEncoding = 4; lastKnownFileType = text.plist.xml; path = "GoogleService-Info.plist"; sourceTree = SOURCE_ROOT; };
		11EBE6B61FACD7CD00171DC8 /* TresPoint.app */ = {isa = PBXFileReference; explicitFileType = wrapper.application; includeInIndex = 0; path = TresPoint.app; sourceTree = BUILT_PRODUCTS_DIR; };
		11EBE6B91FACD7CD00171DC8 /* AppDelegate.swift */ = {isa = PBXFileReference; lastKnownFileType = sourcecode.swift; path = AppDelegate.swift; sourceTree = "<group>"; };
		11EBE6BB1FACD7CD00171DC8 /* HomeViewController.swift */ = {isa = PBXFileReference; lastKnownFileType = sourcecode.swift; path = HomeViewController.swift; sourceTree = "<group>"; };
		11EBE6C11FACD7CD00171DC8 /* TresPoint.xcdatamodel */ = {isa = PBXFileReference; lastKnownFileType = wrapper.xcdatamodel; path = TresPoint.xcdatamodel; sourceTree = "<group>"; };
		11EBE6C31FACD7CD00171DC8 /* Assets.xcassets */ = {isa = PBXFileReference; lastKnownFileType = folder.assetcatalog; path = Assets.xcassets; sourceTree = "<group>"; };
		11EBE6C61FACD7CD00171DC8 /* Base */ = {isa = PBXFileReference; lastKnownFileType = file.storyboard; name = Base; path = Base.lproj/LaunchScreen.storyboard; sourceTree = "<group>"; };
		11EBE6C81FACD7CD00171DC8 /* Info.plist */ = {isa = PBXFileReference; lastKnownFileType = text.plist.xml; path = Info.plist; sourceTree = "<group>"; };
		11EBE6CD1FACD7CD00171DC8 /* TresPointTests.xctest */ = {isa = PBXFileReference; explicitFileType = wrapper.cfbundle; includeInIndex = 0; path = TresPointTests.xctest; sourceTree = BUILT_PRODUCTS_DIR; };
		11EBE6D11FACD7CD00171DC8 /* TresPointTests.swift */ = {isa = PBXFileReference; lastKnownFileType = sourcecode.swift; path = TresPointTests.swift; sourceTree = "<group>"; };
		11EBE6D31FACD7CD00171DC8 /* Info.plist */ = {isa = PBXFileReference; lastKnownFileType = text.plist.xml; path = Info.plist; sourceTree = "<group>"; };
		11EBE6D81FACD7CD00171DC8 /* TresPointUITests.xctest */ = {isa = PBXFileReference; explicitFileType = wrapper.cfbundle; includeInIndex = 0; path = TresPointUITests.xctest; sourceTree = BUILT_PRODUCTS_DIR; };
		11EBE6DC1FACD7CD00171DC8 /* TresPointUITests.swift */ = {isa = PBXFileReference; lastKnownFileType = sourcecode.swift; path = TresPointUITests.swift; sourceTree = "<group>"; };
		11EBE6DE1FACD7CD00171DC8 /* Info.plist */ = {isa = PBXFileReference; lastKnownFileType = text.plist.xml; path = Info.plist; sourceTree = "<group>"; };
		11EBE6ED1FACDEE000171DC8 /* UIColor+RGB.swift */ = {isa = PBXFileReference; lastKnownFileType = sourcecode.swift; path = "UIColor+RGB.swift"; sourceTree = "<group>"; };
		11EBE6EF1FACE81000171DC8 /* LoginViewController.swift */ = {isa = PBXFileReference; lastKnownFileType = sourcecode.swift; path = LoginViewController.swift; sourceTree = "<group>"; };
		11EBE6F11FAD0B4000171DC8 /* RegisterViewController.swift */ = {isa = PBXFileReference; lastKnownFileType = sourcecode.swift; path = RegisterViewController.swift; sourceTree = "<group>"; };
		11EBE6F31FAD114500171DC8 /* RemoteStore.swift */ = {isa = PBXFileReference; lastKnownFileType = sourcecode.swift; path = RemoteStore.swift; sourceTree = "<group>"; };
		11EBE6F51FAD126600171DC8 /* FirebaseStore.swift */ = {isa = PBXFileReference; lastKnownFileType = sourcecode.swift; path = FirebaseStore.swift; sourceTree = "<group>"; };
		11EBE6F71FAD131D00171DC8 /* FirebaseModel.swift */ = {isa = PBXFileReference; lastKnownFileType = sourcecode.swift; path = FirebaseModel.swift; sourceTree = "<group>"; };
		2B697F4F519E50E398A25831 /* Pods-TresPointUITests.release.xcconfig */ = {isa = PBXFileReference; includeInIndex = 1; lastKnownFileType = text.xcconfig; name = "Pods-TresPointUITests.release.xcconfig"; path = "Pods/Target Support Files/Pods-TresPointUITests/Pods-TresPointUITests.release.xcconfig"; sourceTree = "<group>"; };
		2B898DABB61817D08D5BA64A /* Pods-TresPointTests.debug.xcconfig */ = {isa = PBXFileReference; includeInIndex = 1; lastKnownFileType = text.xcconfig; name = "Pods-TresPointTests.debug.xcconfig"; path = "Pods/Target Support Files/Pods-TresPointTests/Pods-TresPointTests.debug.xcconfig"; sourceTree = "<group>"; };
		5B8894FA0F153AD5BA31D265 /* Pods_TresPointTests.framework */ = {isa = PBXFileReference; explicitFileType = wrapper.framework; includeInIndex = 0; path = Pods_TresPointTests.framework; sourceTree = BUILT_PRODUCTS_DIR; };
		72438A9EF8B77E7020B06700 /* Pods-TresPointUITests.debug.xcconfig */ = {isa = PBXFileReference; includeInIndex = 1; lastKnownFileType = text.xcconfig; name = "Pods-TresPointUITests.debug.xcconfig"; path = "Pods/Target Support Files/Pods-TresPointUITests/Pods-TresPointUITests.debug.xcconfig"; sourceTree = "<group>"; };
		9D52D7695DECBA452FDFF840 /* Pods-TresPoint.release.xcconfig */ = {isa = PBXFileReference; includeInIndex = 1; lastKnownFileType = text.xcconfig; name = "Pods-TresPoint.release.xcconfig"; path = "Pods/Target Support Files/Pods-TresPoint/Pods-TresPoint.release.xcconfig"; sourceTree = "<group>"; };
		BE2AEC1AFB6449B6EB11E9C1 /* Pods_TresPoint.framework */ = {isa = PBXFileReference; explicitFileType = wrapper.framework; includeInIndex = 0; path = Pods_TresPoint.framework; sourceTree = BUILT_PRODUCTS_DIR; };
		C3E03A89B01F71C907735D33 /* Pods-TresPoint.debug.xcconfig */ = {isa = PBXFileReference; includeInIndex = 1; lastKnownFileType = text.xcconfig; name = "Pods-TresPoint.debug.xcconfig"; path = "Pods/Target Support Files/Pods-TresPoint/Pods-TresPoint.debug.xcconfig"; sourceTree = "<group>"; };
		C6B6809FF7519420BE8B8D7A /* Pods_TresPointUITests.framework */ = {isa = PBXFileReference; explicitFileType = wrapper.framework; includeInIndex = 0; path = Pods_TresPointUITests.framework; sourceTree = BUILT_PRODUCTS_DIR; };
/* End PBXFileReference section */

/* Begin PBXFrameworksBuildPhase section */
		11EBE6B31FACD7CD00171DC8 /* Frameworks */ = {
			isa = PBXFrameworksBuildPhase;
			buildActionMask = 2147483647;
			files = (
				0635F0A6C003D38AF03860D8 /* Pods_TresPoint.framework in Frameworks */,
			);
			runOnlyForDeploymentPostprocessing = 0;
		};
		11EBE6CA1FACD7CD00171DC8 /* Frameworks */ = {
			isa = PBXFrameworksBuildPhase;
			buildActionMask = 2147483647;
			files = (
				3F62C0BB4AD455B3619765AB /* Pods_TresPointTests.framework in Frameworks */,
			);
			runOnlyForDeploymentPostprocessing = 0;
		};
		11EBE6D51FACD7CD00171DC8 /* Frameworks */ = {
			isa = PBXFrameworksBuildPhase;
			buildActionMask = 2147483647;
			files = (
				67314521E114364E305C2FB7 /* Pods_TresPointUITests.framework in Frameworks */,
			);
			runOnlyForDeploymentPostprocessing = 0;
		};
/* End PBXFrameworksBuildPhase section */

/* Begin PBXGroup section */
		110D07141FB2661D00D846D1 /* UIImageView */ = {
			isa = PBXGroup;
			children = (
				11920D5B1FC61600002ADF79 /* UIImage+ImageEffects.h */,
				11920D5C1FC61600002ADF79 /* UIImage+ImageEffects.m */,
				110D07151FB2664300D846D1 /* UIImageView+Cache.swift */,
				11920D5A1FC615FF002ADF79 /* TresPoint-Bridging-Header.h */,
			);
			path = UIImageView;
			sourceTree = "<group>";
		};
		112511FB1FBA10390044AA0F /* RoundView */ = {
			isa = PBXGroup;
			children = (
				112511FC1FBA105C0044AA0F /* RoundTextField.swift */,
			);
			path = RoundView;
			sourceTree = "<group>";
		};
		112511FE1FBA34260044AA0F /* CalendarCell */ = {
			isa = PBXGroup;
			children = (
				112511FF1FBA344D0044AA0F /* CalendarCell.swift */,
			);
			path = CalendarCell;
			sourceTree = "<group>";
		};
		114ADF2A1FB0F267009BD57E /* Profile */ = {
			isa = PBXGroup;
			children = (
				11EA81CA1FB02BA6008D67A7 /* ProfileViewController.swift */,
				11030CA91FCDBE11000DB3A4 /* PViewController.swift */,
			);
			path = Profile;
			sourceTree = "<group>";
		};
		116369F31FBB43BA004DE2AF /* CustomCells */ = {
			isa = PBXGroup;
			children = (
				112511FE1FBA34260044AA0F /* CalendarCell */,
				111D0C961FB4B7F200916F72 /* UserCell.swift */,
				1133BC4F1FD09572003D2472 /* workInfoCell.swift */,
				114C8FDA1FB53C450011CD65 /* ChatMessageCell.swift */,
				116369F41FBB441B004DE2AF /* BlogCell.swift */,
				1109584D1FCCC62C0051A24B /* CollectionHeaderView.swift */,
			);
			path = CustomCells;
			sourceTree = "<group>";
		};
		11EA81CC1FB02F77008D67A7 /* Log */ = {
			isa = PBXGroup;
			children = (
				11EBE6EF1FACE81000171DC8 /* LoginViewController.swift */,
				11EBE6F11FAD0B4000171DC8 /* RegisterViewController.swift */,
			);
			path = Log;
			sourceTree = "<group>";
		};
		11EA81CD1FB02FA3008D67A7 /* Chat */ = {
			isa = PBXGroup;
			children = (
				11EA81BA1FAFC6BA008D67A7 /* NewMessageViewController.swift */,
				11EBE6BB1FACD7CD00171DC8 /* HomeViewController.swift */,
				11544B901FB3B3A10082C919 /* ChatLogViewController.swift */,
			);
			path = Chat;
			sourceTree = "<group>";
		};
		11EA81CE1FB02FB1008D67A7 /* Blog */ = {
			isa = PBXGroup;
			children = (
				11EA81C61FB026BD008D67A7 /* BlogPostViewController.swift */,
				11DA147A1FBCB4C800261D35 /* PostViewController.swift */,
				1154ECAD1FE1CCF8004EE2C2 /* UIViewController+Comments.h */,
				1154ECAE1FE1CCF8004EE2C2 /* UIViewController+Comments.m */,
			);
			path = Blog;
			sourceTree = "<group>";
		};
		11EA81CF1FB02FE0008D67A7 /* UIColor */ = {
			isa = PBXGroup;
			children = (
				11EBE6ED1FACDEE000171DC8 /* UIColor+RGB.swift */,
				11EA9C4B1FAE4D2F006B6B53 /* UIColor+staicColor.swift */,
			);
			path = UIColor;
			sourceTree = "<group>";
		};
		11EA81D01FB02FF1008D67A7 /* CustomTabBar */ = {
			isa = PBXGroup;
			children = (
				11EA81C01FB01FA1008D67A7 /* CustomTabBar.swift */,
				11EA81C21FB01FB8008D67A7 /* CustomTabBarItem.swift */,
				11EA81C41FB01FDC008D67A7 /* CustomTabAnimatedTransitioning.swift */,
			);
			path = CustomTabBar;
			sourceTree = "<group>";
		};
		11EA81D11FB03004008D67A7 /* Firebase */ = {
			isa = PBXGroup;
			children = (
				11EBE6F31FAD114500171DC8 /* RemoteStore.swift */,
				11EBE6F51FAD126600171DC8 /* FirebaseStore.swift */,
				11EBE6F71FAD131D00171DC8 /* FirebaseModel.swift */,
			);
			path = Firebase;
			sourceTree = "<group>";
		};
		11EBE6AD1FACD7CD00171DC8 = {
			isa = PBXGroup;
			children = (
				11EBE6B81FACD7CD00171DC8 /* TresPoint */,
				11EBE6D01FACD7CD00171DC8 /* TresPointTests */,
				11EBE6DB1FACD7CD00171DC8 /* TresPointUITests */,
				11EBE6B71FACD7CD00171DC8 /* Products */,
				429FACB71C3709C7540F7209 /* Pods */,
				722C378B6CF9FD541FC5D0AD /* Frameworks */,
			);
			sourceTree = "<group>";
		};
		11EBE6B71FACD7CD00171DC8 /* Products */ = {
			isa = PBXGroup;
			children = (
				11EBE6B61FACD7CD00171DC8 /* TresPoint.app */,
				11EBE6CD1FACD7CD00171DC8 /* TresPointTests.xctest */,
				11EBE6D81FACD7CD00171DC8 /* TresPointUITests.xctest */,
			);
			name = Products;
			sourceTree = "<group>";
		};
		11EBE6B81FACD7CD00171DC8 /* TresPoint */ = {
			isa = PBXGroup;
			children = (
				11DDF19C1FD1BD500012614B /* TresPoint.entitlements */,
				11EA9C4D1FAE60AF006B6B53 /* GoogleService-Info.plist */,
				11EBE6B91FACD7CD00171DC8 /* AppDelegate.swift */,
				11EBE6EC1FACD94C00171DC8 /* Controller */,
				11EBE6EB1FACD92B00171DC8 /* View */,
				11EBE6EA1FACD92300171DC8 /* Model */,
				11EBE6C31FACD7CD00171DC8 /* Assets.xcassets */,
				11EBE6C51FACD7CD00171DC8 /* LaunchScreen.storyboard */,
				11EBE6C81FACD7CD00171DC8 /* Info.plist */,
				11EBE6C01FACD7CD00171DC8 /* TresPoint.xcdatamodeld */,
			);
			path = TresPoint;
			sourceTree = "<group>";
		};
		11EBE6D01FACD7CD00171DC8 /* TresPointTests */ = {
			isa = PBXGroup;
			children = (
				11EBE6D11FACD7CD00171DC8 /* TresPointTests.swift */,
				11EBE6D31FACD7CD00171DC8 /* Info.plist */,
			);
			path = TresPointTests;
			sourceTree = "<group>";
		};
		11EBE6DB1FACD7CD00171DC8 /* TresPointUITests */ = {
			isa = PBXGroup;
			children = (
				11EBE6DC1FACD7CD00171DC8 /* TresPointUITests.swift */,
				11EBE6DE1FACD7CD00171DC8 /* Info.plist */,
			);
			path = TresPointUITests;
			sourceTree = "<group>";
		};
		11EBE6EA1FACD92300171DC8 /* Model */ = {
			isa = PBXGroup;
			children = (
				11EA81D11FB03004008D67A7 /* Firebase */,
				11EA81BC1FB00B7C008D67A7 /* User.swift */,
				111D0C941FB4AF3600916F72 /* Messages.swift */,
				11C882E91FBB80FC0076A405 /* Post.swift */,
				1109584B1FCC69760051A24B /* GlobalUser.swift */,
				1133BC511FD0982B003D2472 /* workInfo.swift */,
			);
			path = Model;
			sourceTree = "<group>";
		};
		11EBE6EB1FACD92B00171DC8 /* View */ = {
			isa = PBXGroup;
			children = (
				116369F31FBB43BA004DE2AF /* CustomCells */,
				112511FB1FBA10390044AA0F /* RoundView */,
				110D07141FB2661D00D846D1 /* UIImageView */,
				11EA81D01FB02FF1008D67A7 /* CustomTabBar */,
				11EA81CF1FB02FE0008D67A7 /* UIColor */,
			);
			path = View;
			sourceTree = "<group>";
		};
		11EBE6EC1FACD94C00171DC8 /* Controller */ = {
			isa = PBXGroup;
			children = (
				11EA81BE1FB01EAC008D67A7 /* TabBarViewController.swift */,
				11EA81CD1FB02FA3008D67A7 /* Chat */,
				11EA81CC1FB02F77008D67A7 /* Log */,
				11EA81CE1FB02FB1008D67A7 /* Blog */,
				114ADF2A1FB0F267009BD57E /* Profile */,
				11EA81C81FB026EB008D67A7 /* CalendarViewController.swift */,
			);
			path = Controller;
			sourceTree = "<group>";
		};
		429FACB71C3709C7540F7209 /* Pods */ = {
			isa = PBXGroup;
			children = (
				C3E03A89B01F71C907735D33 /* Pods-TresPoint.debug.xcconfig */,
				9D52D7695DECBA452FDFF840 /* Pods-TresPoint.release.xcconfig */,
				2B898DABB61817D08D5BA64A /* Pods-TresPointTests.debug.xcconfig */,
				03E022AF7B984869C86D387A /* Pods-TresPointTests.release.xcconfig */,
				72438A9EF8B77E7020B06700 /* Pods-TresPointUITests.debug.xcconfig */,
				2B697F4F519E50E398A25831 /* Pods-TresPointUITests.release.xcconfig */,
			);
			name = Pods;
			sourceTree = "<group>";
		};
		722C378B6CF9FD541FC5D0AD /* Frameworks */ = {
			isa = PBXGroup;
			children = (
				BE2AEC1AFB6449B6EB11E9C1 /* Pods_TresPoint.framework */,
				5B8894FA0F153AD5BA31D265 /* Pods_TresPointTests.framework */,
				C6B6809FF7519420BE8B8D7A /* Pods_TresPointUITests.framework */,
			);
			name = Frameworks;
			sourceTree = "<group>";
		};
/* End PBXGroup section */

/* Begin PBXNativeTarget section */
		11EBE6B51FACD7CD00171DC8 /* TresPoint */ = {
			isa = PBXNativeTarget;
			buildConfigurationList = 11EBE6E11FACD7CD00171DC8 /* Build configuration list for PBXNativeTarget "TresPoint" */;
			buildPhases = (
				679841A95C3DD2A49C360C01 /* [CP] Check Pods Manifest.lock */,
				11EBE6B21FACD7CD00171DC8 /* Sources */,
				11EBE6B31FACD7CD00171DC8 /* Frameworks */,
				11EBE6B41FACD7CD00171DC8 /* Resources */,
				DBC1D112A4954A3A0D6C85A1 /* [CP] Embed Pods Frameworks */,
				A9F920AD04A2F3134C2CE7CC /* [CP] Copy Pods Resources */,
			);
			buildRules = (
			);
			dependencies = (
			);
			name = TresPoint;
			productName = TresPoint;
			productReference = 11EBE6B61FACD7CD00171DC8 /* TresPoint.app */;
			productType = "com.apple.product-type.application";
		};
		11EBE6CC1FACD7CD00171DC8 /* TresPointTests */ = {
			isa = PBXNativeTarget;
			buildConfigurationList = 11EBE6E41FACD7CD00171DC8 /* Build configuration list for PBXNativeTarget "TresPointTests" */;
			buildPhases = (
				37B298E66EA84E2D40082DB4 /* [CP] Check Pods Manifest.lock */,
				11EBE6C91FACD7CD00171DC8 /* Sources */,
				11EBE6CA1FACD7CD00171DC8 /* Frameworks */,
				11EBE6CB1FACD7CD00171DC8 /* Resources */,
				B0685952D56340D8993E9C9C /* [CP] Embed Pods Frameworks */,
				432C52060DF6A53A757F6376 /* [CP] Copy Pods Resources */,
			);
			buildRules = (
			);
			dependencies = (
				11EBE6CF1FACD7CD00171DC8 /* PBXTargetDependency */,
			);
			name = TresPointTests;
			productName = TresPointTests;
			productReference = 11EBE6CD1FACD7CD00171DC8 /* TresPointTests.xctest */;
			productType = "com.apple.product-type.bundle.unit-test";
		};
		11EBE6D71FACD7CD00171DC8 /* TresPointUITests */ = {
			isa = PBXNativeTarget;
			buildConfigurationList = 11EBE6E71FACD7CD00171DC8 /* Build configuration list for PBXNativeTarget "TresPointUITests" */;
			buildPhases = (
				C11DC0FF38C32AF1D40D10AC /* [CP] Check Pods Manifest.lock */,
				11EBE6D41FACD7CD00171DC8 /* Sources */,
				11EBE6D51FACD7CD00171DC8 /* Frameworks */,
				11EBE6D61FACD7CD00171DC8 /* Resources */,
				D4D3474B305FC677065BF5C3 /* [CP] Embed Pods Frameworks */,
				CBAF365C0B61B278928EF8DE /* [CP] Copy Pods Resources */,
			);
			buildRules = (
			);
			dependencies = (
				11EBE6DA1FACD7CD00171DC8 /* PBXTargetDependency */,
			);
			name = TresPointUITests;
			productName = TresPointUITests;
			productReference = 11EBE6D81FACD7CD00171DC8 /* TresPointUITests.xctest */;
			productType = "com.apple.product-type.bundle.ui-testing";
		};
/* End PBXNativeTarget section */

/* Begin PBXProject section */
		11EBE6AE1FACD7CD00171DC8 /* Project object */ = {
			isa = PBXProject;
			attributes = {
				LastSwiftUpdateCheck = 0910;
				LastUpgradeCheck = 0910;
				ORGANIZATIONNAME = "Shiyu Zhang";
				TargetAttributes = {
					11EBE6B51FACD7CD00171DC8 = {
						CreatedOnToolsVersion = 9.1;
						LastSwiftMigration = 0910;
						ProvisioningStyle = Automatic;
						SystemCapabilities = {
							com.apple.Push = {
								enabled = 1;
							};
						};
					};
					11EBE6CC1FACD7CD00171DC8 = {
						CreatedOnToolsVersion = 9.1;
						ProvisioningStyle = Automatic;
						TestTargetID = 11EBE6B51FACD7CD00171DC8;
					};
					11EBE6D71FACD7CD00171DC8 = {
						CreatedOnToolsVersion = 9.1;
						ProvisioningStyle = Automatic;
						TestTargetID = 11EBE6B51FACD7CD00171DC8;
					};
				};
			};
			buildConfigurationList = 11EBE6B11FACD7CD00171DC8 /* Build configuration list for PBXProject "TresPoint" */;
			compatibilityVersion = "Xcode 8.0";
			developmentRegion = en;
			hasScannedForEncodings = 0;
			knownRegions = (
				en,
				Base,
			);
			mainGroup = 11EBE6AD1FACD7CD00171DC8;
			productRefGroup = 11EBE6B71FACD7CD00171DC8 /* Products */;
			projectDirPath = "";
			projectRoot = "";
			targets = (
				11EBE6B51FACD7CD00171DC8 /* TresPoint */,
				11EBE6CC1FACD7CD00171DC8 /* TresPointTests */,
				11EBE6D71FACD7CD00171DC8 /* TresPointUITests */,
			);
		};
/* End PBXProject section */

/* Begin PBXResourcesBuildPhase section */
		11EBE6B41FACD7CD00171DC8 /* Resources */ = {
			isa = PBXResourcesBuildPhase;
			buildActionMask = 2147483647;
			files = (
				11EBE6C71FACD7CD00171DC8 /* LaunchScreen.storyboard in Resources */,
				11EBE6C41FACD7CD00171DC8 /* Assets.xcassets in Resources */,
				11EA9C4E1FAE60AF006B6B53 /* GoogleService-Info.plist in Resources */,
			);
			runOnlyForDeploymentPostprocessing = 0;
		};
		11EBE6CB1FACD7CD00171DC8 /* Resources */ = {
			isa = PBXResourcesBuildPhase;
			buildActionMask = 2147483647;
			files = (
			);
			runOnlyForDeploymentPostprocessing = 0;
		};
		11EBE6D61FACD7CD00171DC8 /* Resources */ = {
			isa = PBXResourcesBuildPhase;
			buildActionMask = 2147483647;
			files = (
			);
			runOnlyForDeploymentPostprocessing = 0;
		};
/* End PBXResourcesBuildPhase section */

/* Begin PBXShellScriptBuildPhase section */
		37B298E66EA84E2D40082DB4 /* [CP] Check Pods Manifest.lock */ = {
			isa = PBXShellScriptBuildPhase;
			buildActionMask = 2147483647;
			files = (
			);
			inputPaths = (
				"${PODS_PODFILE_DIR_PATH}/Podfile.lock",
				"${PODS_ROOT}/Manifest.lock",
			);
			name = "[CP] Check Pods Manifest.lock";
			outputPaths = (
				"$(DERIVED_FILE_DIR)/Pods-TresPointTests-checkManifestLockResult.txt",
			);
			runOnlyForDeploymentPostprocessing = 0;
			shellPath = /bin/sh;
			shellScript = "diff \"${PODS_PODFILE_DIR_PATH}/Podfile.lock\" \"${PODS_ROOT}/Manifest.lock\" > /dev/null\nif [ $? != 0 ] ; then\n    # print error to STDERR\n    echo \"error: The sandbox is not in sync with the Podfile.lock. Run 'pod install' or update your CocoaPods installation.\" >&2\n    exit 1\nfi\n# This output is used by Xcode 'outputs' to avoid re-running this script phase.\necho \"SUCCESS\" > \"${SCRIPT_OUTPUT_FILE_0}\"\n";
			showEnvVarsInLog = 0;
		};
		432C52060DF6A53A757F6376 /* [CP] Copy Pods Resources */ = {
			isa = PBXShellScriptBuildPhase;
			buildActionMask = 2147483647;
			files = (
			);
			inputPaths = (
			);
			name = "[CP] Copy Pods Resources";
			outputPaths = (
			);
			runOnlyForDeploymentPostprocessing = 0;
			shellPath = /bin/sh;
			shellScript = "\"${SRCROOT}/Pods/Target Support Files/Pods-TresPointTests/Pods-TresPointTests-resources.sh\"\n";
			showEnvVarsInLog = 0;
		};
		679841A95C3DD2A49C360C01 /* [CP] Check Pods Manifest.lock */ = {
			isa = PBXShellScriptBuildPhase;
			buildActionMask = 2147483647;
			files = (
			);
			inputPaths = (
				"${PODS_PODFILE_DIR_PATH}/Podfile.lock",
				"${PODS_ROOT}/Manifest.lock",
			);
			name = "[CP] Check Pods Manifest.lock";
			outputPaths = (
				"$(DERIVED_FILE_DIR)/Pods-TresPoint-checkManifestLockResult.txt",
			);
			runOnlyForDeploymentPostprocessing = 0;
			shellPath = /bin/sh;
			shellScript = "diff \"${PODS_PODFILE_DIR_PATH}/Podfile.lock\" \"${PODS_ROOT}/Manifest.lock\" > /dev/null\nif [ $? != 0 ] ; then\n    # print error to STDERR\n    echo \"error: The sandbox is not in sync with the Podfile.lock. Run 'pod install' or update your CocoaPods installation.\" >&2\n    exit 1\nfi\n# This output is used by Xcode 'outputs' to avoid re-running this script phase.\necho \"SUCCESS\" > \"${SCRIPT_OUTPUT_FILE_0}\"\n";
			showEnvVarsInLog = 0;
		};
		A9F920AD04A2F3134C2CE7CC /* [CP] Copy Pods Resources */ = {
			isa = PBXShellScriptBuildPhase;
			buildActionMask = 2147483647;
			files = (
			);
			inputPaths = (
			);
			name = "[CP] Copy Pods Resources";
			outputPaths = (
			);
			runOnlyForDeploymentPostprocessing = 0;
			shellPath = /bin/sh;
			shellScript = "\"${SRCROOT}/Pods/Target Support Files/Pods-TresPoint/Pods-TresPoint-resources.sh\"\n";
			showEnvVarsInLog = 0;
		};
		B0685952D56340D8993E9C9C /* [CP] Embed Pods Frameworks */ = {
			isa = PBXShellScriptBuildPhase;
			buildActionMask = 2147483647;
			files = (
			);
			inputPaths = (
			);
			name = "[CP] Embed Pods Frameworks";
			outputPaths = (
			);
			runOnlyForDeploymentPostprocessing = 0;
			shellPath = /bin/sh;
			shellScript = "\"${SRCROOT}/Pods/Target Support Files/Pods-TresPointTests/Pods-TresPointTests-frameworks.sh\"\n";
			showEnvVarsInLog = 0;
		};
		C11DC0FF38C32AF1D40D10AC /* [CP] Check Pods Manifest.lock */ = {
			isa = PBXShellScriptBuildPhase;
			buildActionMask = 2147483647;
			files = (
			);
			inputPaths = (
				"${PODS_PODFILE_DIR_PATH}/Podfile.lock",
				"${PODS_ROOT}/Manifest.lock",
			);
			name = "[CP] Check Pods Manifest.lock";
			outputPaths = (
				"$(DERIVED_FILE_DIR)/Pods-TresPointUITests-checkManifestLockResult.txt",
			);
			runOnlyForDeploymentPostprocessing = 0;
			shellPath = /bin/sh;
			shellScript = "diff \"${PODS_PODFILE_DIR_PATH}/Podfile.lock\" \"${PODS_ROOT}/Manifest.lock\" > /dev/null\nif [ $? != 0 ] ; then\n    # print error to STDERR\n    echo \"error: The sandbox is not in sync with the Podfile.lock. Run 'pod install' or update your CocoaPods installation.\" >&2\n    exit 1\nfi\n# This output is used by Xcode 'outputs' to avoid re-running this script phase.\necho \"SUCCESS\" > \"${SCRIPT_OUTPUT_FILE_0}\"\n";
			showEnvVarsInLog = 0;
		};
		CBAF365C0B61B278928EF8DE /* [CP] Copy Pods Resources */ = {
			isa = PBXShellScriptBuildPhase;
			buildActionMask = 2147483647;
			files = (
			);
			inputPaths = (
			);
			name = "[CP] Copy Pods Resources";
			outputPaths = (
			);
			runOnlyForDeploymentPostprocessing = 0;
			shellPath = /bin/sh;
			shellScript = "\"${SRCROOT}/Pods/Target Support Files/Pods-TresPointUITests/Pods-TresPointUITests-resources.sh\"\n";
			showEnvVarsInLog = 0;
		};
		D4D3474B305FC677065BF5C3 /* [CP] Embed Pods Frameworks */ = {
			isa = PBXShellScriptBuildPhase;
			buildActionMask = 2147483647;
			files = (
			);
			inputPaths = (
			);
			name = "[CP] Embed Pods Frameworks";
			outputPaths = (
			);
			runOnlyForDeploymentPostprocessing = 0;
			shellPath = /bin/sh;
			shellScript = "\"${SRCROOT}/Pods/Target Support Files/Pods-TresPointUITests/Pods-TresPointUITests-frameworks.sh\"\n";
			showEnvVarsInLog = 0;
		};
		DBC1D112A4954A3A0D6C85A1 /* [CP] Embed Pods Frameworks */ = {
			isa = PBXShellScriptBuildPhase;
			buildActionMask = 2147483647;
			files = (
			);
			inputPaths = (
				"${SRCROOT}/Pods/Target Support Files/Pods-TresPoint/Pods-TresPoint-frameworks.sh",
				"${BUILT_PRODUCTS_DIR}/GTMSessionFetcher/GTMSessionFetcher.framework",
				"${BUILT_PRODUCTS_DIR}/GoogleToolboxForMac/GoogleToolboxForMac.framework",
				"${BUILT_PRODUCTS_DIR}/JSQMessagesViewController/JSQMessagesViewController.framework",
				"${BUILT_PRODUCTS_DIR}/JSQSystemSoundPlayer/JSQSystemSoundPlayer.framework",
				"${BUILT_PRODUCTS_DIR}/JTAppleCalendar/JTAppleCalendar.framework",
				"${BUILT_PRODUCTS_DIR}/KJExpandableTableTree/KJExpandableTableTree.framework",
				"${BUILT_PRODUCTS_DIR}/Pastel/Pastel.framework",
				"${BUILT_PRODUCTS_DIR}/Protobuf/Protobuf.framework",
				"${BUILT_PRODUCTS_DIR}/Sharaku/Sharaku.framework",
				"${BUILT_PRODUCTS_DIR}/leveldb-library/leveldb.framework",
				"${BUILT_PRODUCTS_DIR}/nanopb/nanopb.framework",
			);
			name = "[CP] Embed Pods Frameworks";
			outputPaths = (
				"${TARGET_BUILD_DIR}/${FRAMEWORKS_FOLDER_PATH}/GTMSessionFetcher.framework",
				"${TARGET_BUILD_DIR}/${FRAMEWORKS_FOLDER_PATH}/GoogleToolboxForMac.framework",
				"${TARGET_BUILD_DIR}/${FRAMEWORKS_FOLDER_PATH}/JSQMessagesViewController.framework",
				"${TARGET_BUILD_DIR}/${FRAMEWORKS_FOLDER_PATH}/JSQSystemSoundPlayer.framework",
				"${TARGET_BUILD_DIR}/${FRAMEWORKS_FOLDER_PATH}/JTAppleCalendar.framework",
				"${TARGET_BUILD_DIR}/${FRAMEWORKS_FOLDER_PATH}/KJExpandableTableTree.framework",
				"${TARGET_BUILD_DIR}/${FRAMEWORKS_FOLDER_PATH}/Pastel.framework",
				"${TARGET_BUILD_DIR}/${FRAMEWORKS_FOLDER_PATH}/Protobuf.framework",
				"${TARGET_BUILD_DIR}/${FRAMEWORKS_FOLDER_PATH}/Sharaku.framework",
				"${TARGET_BUILD_DIR}/${FRAMEWORKS_FOLDER_PATH}/leveldb.framework",
				"${TARGET_BUILD_DIR}/${FRAMEWORKS_FOLDER_PATH}/nanopb.framework",
			);
			runOnlyForDeploymentPostprocessing = 0;
			shellPath = /bin/sh;
			shellScript = "\"${SRCROOT}/Pods/Target Support Files/Pods-TresPoint/Pods-TresPoint-frameworks.sh\"\n";
			showEnvVarsInLog = 0;
		};
/* End PBXShellScriptBuildPhase section */

/* Begin PBXSourcesBuildPhase section */
		11EBE6B21FACD7CD00171DC8 /* Sources */ = {
			isa = PBXSourcesBuildPhase;
			buildActionMask = 2147483647;
			files = (
				11EBE6F81FAD131D00171DC8 /* FirebaseModel.swift in Sources */,
				11EBE6BC1FACD7CD00171DC8 /* HomeViewController.swift in Sources */,
				11EA81C11FB01FA1008D67A7 /* CustomTabBar.swift in Sources */,
				11EBE6BA1FACD7CD00171DC8 /* AppDelegate.swift in Sources */,
				11EBE6C21FACD7CD00171DC8 /* TresPoint.xcdatamodeld in Sources */,
				1109584E1FCCC62C0051A24B /* CollectionHeaderView.swift in Sources */,
				112512001FBA344D0044AA0F /* CalendarCell.swift in Sources */,
				11030CAA1FCDBE11000DB3A4 /* PViewController.swift in Sources */,
				1133BC501FD09572003D2472 /* workInfoCell.swift in Sources */,
				114C8FDB1FB53C450011CD65 /* ChatMessageCell.swift in Sources */,
				11C882EA1FBB80FC0076A405 /* Post.swift in Sources */,
				1109584C1FCC69760051A24B /* GlobalUser.swift in Sources */,
				11EBE6F21FAD0B4000171DC8 /* RegisterViewController.swift in Sources */,
				111D0C951FB4AF3600916F72 /* Messages.swift in Sources */,
				110D07161FB2664300D846D1 /* UIImageView+Cache.swift in Sources */,
				11EA81C91FB026EB008D67A7 /* CalendarViewController.swift in Sources */,
				11920D5D1FC61600002ADF79 /* UIImage+ImageEffects.m in Sources */,
				11EA81C71FB026BD008D67A7 /* BlogPostViewController.swift in Sources */,
				11EA81BB1FAFC6BA008D67A7 /* NewMessageViewController.swift in Sources */,
				111D0C971FB4B7F200916F72 /* UserCell.swift in Sources */,
				11EA81CB1FB02BA6008D67A7 /* ProfileViewController.swift in Sources */,
				11EBE6F61FAD126600171DC8 /* FirebaseStore.swift in Sources */,
				11544B911FB3B3A10082C919 /* ChatLogViewController.swift in Sources */,
				11EBE6F01FACE81000171DC8 /* LoginViewController.swift in Sources */,
				1133BC521FD0982B003D2472 /* workInfo.swift in Sources */,
				11EA81BD1FB00B7C008D67A7 /* User.swift in Sources */,
				11EA81C31FB01FB8008D67A7 /* CustomTabBarItem.swift in Sources */,
				11DA147B1FBCB4C800261D35 /* PostViewController.swift in Sources */,
				1154ECAF1FE1CCF8004EE2C2 /* UIViewController+Comments.m in Sources */,
				116369F51FBB441B004DE2AF /* BlogCell.swift in Sources */,
				11EBE6EE1FACDEE000171DC8 /* UIColor+RGB.swift in Sources */,
				11EA81BF1FB01EAC008D67A7 /* TabBarViewController.swift in Sources */,
				112511FD1FBA105D0044AA0F /* RoundTextField.swift in Sources */,
				11EA81C51FB01FDC008D67A7 /* CustomTabAnimatedTransitioning.swift in Sources */,
				11EA9C4C1FAE4D2F006B6B53 /* UIColor+staicColor.swift in Sources */,
				11EBE6F41FAD114500171DC8 /* RemoteStore.swift in Sources */,
			);
			runOnlyForDeploymentPostprocessing = 0;
		};
		11EBE6C91FACD7CD00171DC8 /* Sources */ = {
			isa = PBXSourcesBuildPhase;
			buildActionMask = 2147483647;
			files = (
				11EBE6D21FACD7CD00171DC8 /* TresPointTests.swift in Sources */,
			);
			runOnlyForDeploymentPostprocessing = 0;
		};
		11EBE6D41FACD7CD00171DC8 /* Sources */ = {
			isa = PBXSourcesBuildPhase;
			buildActionMask = 2147483647;
			files = (
				11EBE6DD1FACD7CD00171DC8 /* TresPointUITests.swift in Sources */,
			);
			runOnlyForDeploymentPostprocessing = 0;
		};
/* End PBXSourcesBuildPhase section */

/* Begin PBXTargetDependency section */
		11EBE6CF1FACD7CD00171DC8 /* PBXTargetDependency */ = {
			isa = PBXTargetDependency;
			target = 11EBE6B51FACD7CD00171DC8 /* TresPoint */;
			targetProxy = 11EBE6CE1FACD7CD00171DC8 /* PBXContainerItemProxy */;
		};
		11EBE6DA1FACD7CD00171DC8 /* PBXTargetDependency */ = {
			isa = PBXTargetDependency;
			target = 11EBE6B51FACD7CD00171DC8 /* TresPoint */;
			targetProxy = 11EBE6D91FACD7CD00171DC8 /* PBXContainerItemProxy */;
		};
/* End PBXTargetDependency section */

/* Begin PBXVariantGroup section */
		11EBE6C51FACD7CD00171DC8 /* LaunchScreen.storyboard */ = {
			isa = PBXVariantGroup;
			children = (
				11EBE6C61FACD7CD00171DC8 /* Base */,
			);
			name = LaunchScreen.storyboard;
			sourceTree = "<group>";
		};
/* End PBXVariantGroup section */

/* Begin XCBuildConfiguration section */
		11EBE6DF1FACD7CD00171DC8 /* Debug */ = {
			isa = XCBuildConfiguration;
			buildSettings = {
				ALWAYS_SEARCH_USER_PATHS = NO;
				CLANG_ANALYZER_NONNULL = YES;
				CLANG_ANALYZER_NUMBER_OBJECT_CONVERSION = YES_AGGRESSIVE;
				CLANG_CXX_LANGUAGE_STANDARD = "gnu++14";
				CLANG_CXX_LIBRARY = "libc++";
				CLANG_ENABLE_MODULES = YES;
				CLANG_ENABLE_OBJC_ARC = YES;
				CLANG_WARN_BLOCK_CAPTURE_AUTORELEASING = YES;
				CLANG_WARN_BOOL_CONVERSION = YES;
				CLANG_WARN_COMMA = YES;
				CLANG_WARN_CONSTANT_CONVERSION = YES;
				CLANG_WARN_DIRECT_OBJC_ISA_USAGE = YES_ERROR;
				CLANG_WARN_DOCUMENTATION_COMMENTS = YES;
				CLANG_WARN_EMPTY_BODY = YES;
				CLANG_WARN_ENUM_CONVERSION = YES;
				CLANG_WARN_INFINITE_RECURSION = YES;
				CLANG_WARN_INT_CONVERSION = YES;
				CLANG_WARN_NON_LITERAL_NULL_CONVERSION = YES;
				CLANG_WARN_OBJC_LITERAL_CONVERSION = YES;
				CLANG_WARN_OBJC_ROOT_CLASS = YES_ERROR;
				CLANG_WARN_RANGE_LOOP_ANALYSIS = YES;
				CLANG_WARN_STRICT_PROTOTYPES = YES;
				CLANG_WARN_SUSPICIOUS_MOVE = YES;
				CLANG_WARN_UNGUARDED_AVAILABILITY = YES_AGGRESSIVE;
				CLANG_WARN_UNREACHABLE_CODE = YES;
				CLANG_WARN__DUPLICATE_METHOD_MATCH = YES;
				CODE_SIGN_IDENTITY = "iPhone Developer";
				COPY_PHASE_STRIP = NO;
				DEBUG_INFORMATION_FORMAT = dwarf;
				ENABLE_STRICT_OBJC_MSGSEND = YES;
				ENABLE_TESTABILITY = YES;
				GCC_C_LANGUAGE_STANDARD = gnu11;
				GCC_DYNAMIC_NO_PIC = NO;
				GCC_NO_COMMON_BLOCKS = YES;
				GCC_OPTIMIZATION_LEVEL = 0;
				GCC_PREPROCESSOR_DEFINITIONS = (
					"DEBUG=1",
					"$(inherited)",
				);
				GCC_WARN_64_TO_32_BIT_CONVERSION = YES;
				GCC_WARN_ABOUT_RETURN_TYPE = YES_ERROR;
				GCC_WARN_UNDECLARED_SELECTOR = YES;
				GCC_WARN_UNINITIALIZED_AUTOS = YES_AGGRESSIVE;
				GCC_WARN_UNUSED_FUNCTION = YES;
				GCC_WARN_UNUSED_VARIABLE = YES;
				IPHONEOS_DEPLOYMENT_TARGET = 11.1;
				MTL_ENABLE_DEBUG_INFO = YES;
				ONLY_ACTIVE_ARCH = YES;
				SDKROOT = iphoneos;
				SWIFT_ACTIVE_COMPILATION_CONDITIONS = DEBUG;
				SWIFT_OPTIMIZATION_LEVEL = "-Onone";
			};
			name = Debug;
		};
		11EBE6E01FACD7CD00171DC8 /* Release */ = {
			isa = XCBuildConfiguration;
			buildSettings = {
				ALWAYS_SEARCH_USER_PATHS = NO;
				CLANG_ANALYZER_NONNULL = YES;
				CLANG_ANALYZER_NUMBER_OBJECT_CONVERSION = YES_AGGRESSIVE;
				CLANG_CXX_LANGUAGE_STANDARD = "gnu++14";
				CLANG_CXX_LIBRARY = "libc++";
				CLANG_ENABLE_MODULES = YES;
				CLANG_ENABLE_OBJC_ARC = YES;
				CLANG_WARN_BLOCK_CAPTURE_AUTORELEASING = YES;
				CLANG_WARN_BOOL_CONVERSION = YES;
				CLANG_WARN_COMMA = YES;
				CLANG_WARN_CONSTANT_CONVERSION = YES;
				CLANG_WARN_DIRECT_OBJC_ISA_USAGE = YES_ERROR;
				CLANG_WARN_DOCUMENTATION_COMMENTS = YES;
				CLANG_WARN_EMPTY_BODY = YES;
				CLANG_WARN_ENUM_CONVERSION = YES;
				CLANG_WARN_INFINITE_RECURSION = YES;
				CLANG_WARN_INT_CONVERSION = YES;
				CLANG_WARN_NON_LITERAL_NULL_CONVERSION = YES;
				CLANG_WARN_OBJC_LITERAL_CONVERSION = YES;
				CLANG_WARN_OBJC_ROOT_CLASS = YES_ERROR;
				CLANG_WARN_RANGE_LOOP_ANALYSIS = YES;
				CLANG_WARN_STRICT_PROTOTYPES = YES;
				CLANG_WARN_SUSPICIOUS_MOVE = YES;
				CLANG_WARN_UNGUARDED_AVAILABILITY = YES_AGGRESSIVE;
				CLANG_WARN_UNREACHABLE_CODE = YES;
				CLANG_WARN__DUPLICATE_METHOD_MATCH = YES;
				CODE_SIGN_IDENTITY = "iPhone Developer";
				COPY_PHASE_STRIP = NO;
				DEBUG_INFORMATION_FORMAT = "dwarf-with-dsym";
				ENABLE_NS_ASSERTIONS = NO;
				ENABLE_STRICT_OBJC_MSGSEND = YES;
				GCC_C_LANGUAGE_STANDARD = gnu11;
				GCC_NO_COMMON_BLOCKS = YES;
				GCC_WARN_64_TO_32_BIT_CONVERSION = YES;
				GCC_WARN_ABOUT_RETURN_TYPE = YES_ERROR;
				GCC_WARN_UNDECLARED_SELECTOR = YES;
				GCC_WARN_UNINITIALIZED_AUTOS = YES_AGGRESSIVE;
				GCC_WARN_UNUSED_FUNCTION = YES;
				GCC_WARN_UNUSED_VARIABLE = YES;
				IPHONEOS_DEPLOYMENT_TARGET = 11.1;
				MTL_ENABLE_DEBUG_INFO = NO;
				SDKROOT = iphoneos;
				SWIFT_OPTIMIZATION_LEVEL = "-Owholemodule";
				VALIDATE_PRODUCT = YES;
			};
			name = Release;
		};
		11EBE6E21FACD7CD00171DC8 /* Debug */ = {
			isa = XCBuildConfiguration;
			baseConfigurationReference = C3E03A89B01F71C907735D33 /* Pods-TresPoint.debug.xcconfig */;
			buildSettings = {
				ASSETCATALOG_COMPILER_APPICON_NAME = AppIcon;
				CLANG_ENABLE_MODULES = YES;
				CODE_SIGN_ENTITLEMENTS = TresPoint/TresPoint.entitlements;
				CODE_SIGN_STYLE = Automatic;
				DEVELOPMENT_TEAM = 4CNF88RDC6;
				INFOPLIST_FILE = TresPoint/Info.plist;
				LD_RUNPATH_SEARCH_PATHS = "$(inherited) @executable_path/Frameworks";
				PRODUCT_BUNDLE_IDENTIFIER = "TresPoint-LLC.TresPoint-LLC";
				PRODUCT_NAME = "$(TARGET_NAME)";
				SWIFT_OBJC_BRIDGING_HEADER = "TresPoint/View/UIImageView/TresPoint-Bridging-Header.h";
				SWIFT_OPTIMIZATION_LEVEL = "-Onone";
				SWIFT_VERSION = 4.0;
				TARGETED_DEVICE_FAMILY = "1,2";
			};
			name = Debug;
		};
		11EBE6E31FACD7CD00171DC8 /* Release */ = {
			isa = XCBuildConfiguration;
			baseConfigurationReference = 9D52D7695DECBA452FDFF840 /* Pods-TresPoint.release.xcconfig */;
			buildSettings = {
				ASSETCATALOG_COMPILER_APPICON_NAME = AppIcon;
				CLANG_ENABLE_MODULES = YES;
				CODE_SIGN_ENTITLEMENTS = TresPoint/TresPoint.entitlements;
				CODE_SIGN_STYLE = Automatic;
				DEVELOPMENT_TEAM = 4CNF88RDC6;
				INFOPLIST_FILE = TresPoint/Info.plist;
				LD_RUNPATH_SEARCH_PATHS = "$(inherited) @executable_path/Frameworks";
				PRODUCT_BUNDLE_IDENTIFIER = "TresPoint-LLC.TresPoint-LLC";
				PRODUCT_NAME = "$(TARGET_NAME)";
				SWIFT_OBJC_BRIDGING_HEADER = "TresPoint/View/UIImageView/TresPoint-Bridging-Header.h";
				SWIFT_VERSION = 4.0;
				TARGETED_DEVICE_FAMILY = "1,2";
			};
			name = Release;
		};
		11EBE6E51FACD7CD00171DC8 /* Debug */ = {
			isa = XCBuildConfiguration;
			baseConfigurationReference = 2B898DABB61817D08D5BA64A /* Pods-TresPointTests.debug.xcconfig */;
			buildSettings = {
				ALWAYS_EMBED_SWIFT_STANDARD_LIBRARIES = YES;
				BUNDLE_LOADER = "$(TEST_HOST)";
				CODE_SIGN_STYLE = Automatic;
				DEVELOPMENT_TEAM = 4CNF88RDC6;
				INFOPLIST_FILE = TresPointTests/Info.plist;
				LD_RUNPATH_SEARCH_PATHS = "$(inherited) @executable_path/Frameworks @loader_path/Frameworks";
				PRODUCT_BUNDLE_IDENTIFIER = syz.TresPointTests;
				PRODUCT_NAME = "$(TARGET_NAME)";
				SWIFT_VERSION = 4.0;
				TARGETED_DEVICE_FAMILY = "1,2";
				TEST_HOST = "$(BUILT_PRODUCTS_DIR)/TresPoint.app/TresPoint";
			};
			name = Debug;
		};
		11EBE6E61FACD7CD00171DC8 /* Release */ = {
			isa = XCBuildConfiguration;
			baseConfigurationReference = 03E022AF7B984869C86D387A /* Pods-TresPointTests.release.xcconfig */;
			buildSettings = {
				ALWAYS_EMBED_SWIFT_STANDARD_LIBRARIES = YES;
				BUNDLE_LOADER = "$(TEST_HOST)";
				CODE_SIGN_STYLE = Automatic;
				DEVELOPMENT_TEAM = 4CNF88RDC6;
				INFOPLIST_FILE = TresPointTests/Info.plist;
				LD_RUNPATH_SEARCH_PATHS = "$(inherited) @executable_path/Frameworks @loader_path/Frameworks";
				PRODUCT_BUNDLE_IDENTIFIER = syz.TresPointTests;
				PRODUCT_NAME = "$(TARGET_NAME)";
				SWIFT_VERSION = 4.0;
				TARGETED_DEVICE_FAMILY = "1,2";
				TEST_HOST = "$(BUILT_PRODUCTS_DIR)/TresPoint.app/TresPoint";
			};
			name = Release;
		};
		11EBE6E81FACD7CD00171DC8 /* Debug */ = {
			isa = XCBuildConfiguration;
			baseConfigurationReference = 72438A9EF8B77E7020B06700 /* Pods-TresPointUITests.debug.xcconfig */;
			buildSettings = {
				ALWAYS_EMBED_SWIFT_STANDARD_LIBRARIES = YES;
				CODE_SIGN_STYLE = Automatic;
				DEVELOPMENT_TEAM = 4CNF88RDC6;
				INFOPLIST_FILE = TresPointUITests/Info.plist;
				LD_RUNPATH_SEARCH_PATHS = "$(inherited) @executable_path/Frameworks @loader_path/Frameworks";
				PRODUCT_BUNDLE_IDENTIFIER = syz.TresPointUITests;
				PRODUCT_NAME = "$(TARGET_NAME)";
				SWIFT_VERSION = 4.0;
				TARGETED_DEVICE_FAMILY = "1,2";
				TEST_TARGET_NAME = TresPoint;
			};
			name = Debug;
		};
		11EBE6E91FACD7CD00171DC8 /* Release */ = {
			isa = XCBuildConfiguration;
			baseConfigurationReference = 2B697F4F519E50E398A25831 /* Pods-TresPointUITests.release.xcconfig */;
			buildSettings = {
				ALWAYS_EMBED_SWIFT_STANDARD_LIBRARIES = YES;
				CODE_SIGN_STYLE = Automatic;
				DEVELOPMENT_TEAM = 4CNF88RDC6;
				INFOPLIST_FILE = TresPointUITests/Info.plist;
				LD_RUNPATH_SEARCH_PATHS = "$(inherited) @executable_path/Frameworks @loader_path/Frameworks";
				PRODUCT_BUNDLE_IDENTIFIER = syz.TresPointUITests;
				PRODUCT_NAME = "$(TARGET_NAME)";
				SWIFT_VERSION = 4.0;
				TARGETED_DEVICE_FAMILY = "1,2";
				TEST_TARGET_NAME = TresPoint;
			};
			name = Release;
		};
/* End XCBuildConfiguration section */

/* Begin XCConfigurationList section */
		11EBE6B11FACD7CD00171DC8 /* Build configuration list for PBXProject "TresPoint" */ = {
			isa = XCConfigurationList;
			buildConfigurations = (
				11EBE6DF1FACD7CD00171DC8 /* Debug */,
				11EBE6E01FACD7CD00171DC8 /* Release */,
			);
			defaultConfigurationIsVisible = 0;
			defaultConfigurationName = Release;
		};
		11EBE6E11FACD7CD00171DC8 /* Build configuration list for PBXNativeTarget "TresPoint" */ = {
			isa = XCConfigurationList;
			buildConfigurations = (
				11EBE6E21FACD7CD00171DC8 /* Debug */,
				11EBE6E31FACD7CD00171DC8 /* Release */,
			);
			defaultConfigurationIsVisible = 0;
			defaultConfigurationName = Release;
		};
		11EBE6E41FACD7CD00171DC8 /* Build configuration list for PBXNativeTarget "TresPointTests" */ = {
			isa = XCConfigurationList;
			buildConfigurations = (
				11EBE6E51FACD7CD00171DC8 /* Debug */,
				11EBE6E61FACD7CD00171DC8 /* Release */,
			);
			defaultConfigurationIsVisible = 0;
			defaultConfigurationName = Release;
		};
		11EBE6E71FACD7CD00171DC8 /* Build configuration list for PBXNativeTarget "TresPointUITests" */ = {
			isa = XCConfigurationList;
			buildConfigurations = (
				11EBE6E81FACD7CD00171DC8 /* Debug */,
				11EBE6E91FACD7CD00171DC8 /* Release */,
			);
			defaultConfigurationIsVisible = 0;
			defaultConfigurationName = Release;
		};
/* End XCConfigurationList section */

/* Begin XCVersionGroup section */
		11EBE6C01FACD7CD00171DC8 /* TresPoint.xcdatamodeld */ = {
			isa = XCVersionGroup;
			children = (
				11EBE6C11FACD7CD00171DC8 /* TresPoint.xcdatamodel */,
			);
			currentVersion = 11EBE6C11FACD7CD00171DC8 /* TresPoint.xcdatamodel */;
			path = TresPoint.xcdatamodeld;
			sourceTree = "<group>";
			versionGroupType = wrapper.xcdatamodel;
		};
/* End XCVersionGroup section */
	};
	rootObject = 11EBE6AE1FACD7CD00171DC8 /* Project object */;
}
